// !$*UTF8*$!
{
	archiveVersion = 1;
	classes = {
	};
	objectVersion = 50;
	objects = {

/* Begin PBXBuildFile section */
		1BB80F77A692F877167369E6 /* Pods_EachOther.framework in Frameworks */ = {isa = PBXBuildFile; fileRef = 8CBDD02488C4C59E6DD9C71B /* Pods_EachOther.framework */; };
		C9126F5C2240A629007E7FE4 /* AppDelegate.swift in Sources */ = {isa = PBXBuildFile; fileRef = C9126F5B2240A629007E7FE4 /* AppDelegate.swift */; };
		C9126F5E2240A629007E7FE4 /* StartVC.swift in Sources */ = {isa = PBXBuildFile; fileRef = C9126F5D2240A629007E7FE4 /* StartVC.swift */; };
		C9126F612240A629007E7FE4 /* Start.storyboard in Resources */ = {isa = PBXBuildFile; fileRef = C9126F5F2240A629007E7FE4 /* Start.storyboard */; };
		C9126F642240A629007E7FE4 /* EachOther.xcdatamodeld in Sources */ = {isa = PBXBuildFile; fileRef = C9126F622240A629007E7FE4 /* EachOther.xcdatamodeld */; };
		C9126F662240A62A007E7FE4 /* Assets.xcassets in Resources */ = {isa = PBXBuildFile; fileRef = C9126F652240A62A007E7FE4 /* Assets.xcassets */; };
		C9126F692240A62A007E7FE4 /* LaunchScreen.storyboard in Resources */ = {isa = PBXBuildFile; fileRef = C9126F672240A62A007E7FE4 /* LaunchScreen.storyboard */; };
		C9126F742240A62B007E7FE4 /* EachOtherTests.swift in Sources */ = {isa = PBXBuildFile; fileRef = C9126F732240A62B007E7FE4 /* EachOtherTests.swift */; };
		C9126F852240A821007E7FE4 /* familyImage.jpg in Resources */ = {isa = PBXBuildFile; fileRef = C9126F842240A821007E7FE4 /* familyImage.jpg */; };
		C9126F872240B36F007E7FE4 /* Main.storyboard in Resources */ = {isa = PBXBuildFile; fileRef = C9126F862240B36F007E7FE4 /* Main.storyboard */; };
		C9126F892240DDF4007E7FE4 /* ConnectVC.swift in Sources */ = {isa = PBXBuildFile; fileRef = C9126F882240DDF4007E7FE4 /* ConnectVC.swift */; };
		C9126F8B2240DE43007E7FE4 /* CertifyVC.swift in Sources */ = {isa = PBXBuildFile; fileRef = C9126F8A2240DE43007E7FE4 /* CertifyVC.swift */; };
		C9126F8D224135B2007E7FE4 /* CalendarCell.swift in Sources */ = {isa = PBXBuildFile; fileRef = C9126F8C224135B2007E7FE4 /* CalendarCell.swift */; };
		C9126F8F224136AC007E7FE4 /* SchedularVC.swift in Sources */ = {isa = PBXBuildFile; fileRef = C9126F8E224136AC007E7FE4 /* SchedularVC.swift */; };
		C916A446227709A6000DC0FB /* addPhoto.png in Resources */ = {isa = PBXBuildFile; fileRef = C916A445227709A6000DC0FB /* addPhoto.png */; };
		C916A44822771073000DC0FB /* AlbumVC.swift in Sources */ = {isa = PBXBuildFile; fileRef = C916A44722771073000DC0FB /* AlbumVC.swift */; };
		C916A44A227710A2000DC0FB /* AlbumModel.swift in Sources */ = {isa = PBXBuildFile; fileRef = C916A449227710A2000DC0FB /* AlbumModel.swift */; };
		C916A44C227710AC000DC0FB /* AlbumViewModel.swift in Sources */ = {isa = PBXBuildFile; fileRef = C916A44B227710AC000DC0FB /* AlbumViewModel.swift */; };
		C95144412278263800B3C02B /* AddAlbumVC.swift in Sources */ = {isa = PBXBuildFile; fileRef = C95144402278263800B3C02B /* AddAlbumVC.swift */; };
		C95144432278297800B3C02B /* AddAlbumViewModel.swift in Sources */ = {isa = PBXBuildFile; fileRef = C95144422278297800B3C02B /* AddAlbumViewModel.swift */; };
		C95869BE224DB982002BCE55 /* CertifyModel.swift in Sources */ = {isa = PBXBuildFile; fileRef = C95869BD224DB982002BCE55 /* CertifyModel.swift */; };
		C96B3660224D13FA00A2B114 /* CertifyViewModel.swift in Sources */ = {isa = PBXBuildFile; fileRef = C96B365F224D13FA00A2B114 /* CertifyViewModel.swift */; };
		C9743A4C2241CE740051F549 /* Base.swift in Sources */ = {isa = PBXBuildFile; fileRef = C9743A4B2241CE740051F549 /* Base.swift */; };
		C9743A4E22420FAD0051F549 /* Shape.swift in Sources */ = {isa = PBXBuildFile; fileRef = C9743A4D22420FAD0051F549 /* Shape.swift */; };
		C9790A8D22539D8E00E5CB44 /* GoogleService-Info.plist in Resources */ = {isa = PBXBuildFile; fileRef = C9790A8C22539D8E00E5CB44 /* GoogleService-Info.plist */; };
		C9C31CA7225B831A005E41F2 /* HomeVC.swift in Sources */ = {isa = PBXBuildFile; fileRef = C9C31CA6225B831A005E41F2 /* HomeVC.swift */; };
		C9C31CA9225B8330005E41F2 /* HomeModel.swift in Sources */ = {isa = PBXBuildFile; fileRef = C9C31CA8225B8330005E41F2 /* HomeModel.swift */; };
		C9C31CAB225B833C005E41F2 /* HomeViewModel.swift in Sources */ = {isa = PBXBuildFile; fileRef = C9C31CAA225B833C005E41F2 /* HomeViewModel.swift */; };
		C9D3B50322548686009D0A87 /* ConnectModel.swift in Sources */ = {isa = PBXBuildFile; fileRef = C9D3B50222548685009D0A87 /* ConnectModel.swift */; };
		C9D3B505225486E2009D0A87 /* ConnectViewModel.swift in Sources */ = {isa = PBXBuildFile; fileRef = C9D3B504225486E2009D0A87 /* ConnectViewModel.swift */; };
		C9D62DAD2277322700942C82 /* MainVC.swift in Sources */ = {isa = PBXBuildFile; fileRef = C9D62DAC2277322700942C82 /* MainVC.swift */; };
		F1E7FF637EB3346565386FDA /* Pods_EachOtherTests.framework in Frameworks */ = {isa = PBXBuildFile; fileRef = B1BA6D99740CE4FC158FF0D8 /* Pods_EachOtherTests.framework */; };
/* End PBXBuildFile section */

/* Begin PBXContainerItemProxy section */
		C9126F702240A62B007E7FE4 /* PBXContainerItemProxy */ = {
			isa = PBXContainerItemProxy;
			containerPortal = C9126F502240A629007E7FE4 /* Project object */;
			proxyType = 1;
			remoteGlobalIDString = C9126F572240A629007E7FE4;
			remoteInfo = EachOther;
		};
/* End PBXContainerItemProxy section */

/* Begin PBXFileReference section */
		20C6EBFD3FCB0E62BF5974B2 /* Pods-EachOtherTests.release.xcconfig */ = {isa = PBXFileReference; includeInIndex = 1; lastKnownFileType = text.xcconfig; name = "Pods-EachOtherTests.release.xcconfig"; path = "Target Support Files/Pods-EachOtherTests/Pods-EachOtherTests.release.xcconfig"; sourceTree = "<group>"; };
		415744A73D50F5BFDBFFCA9D /* Pods-EachOther.debug.xcconfig */ = {isa = PBXFileReference; includeInIndex = 1; lastKnownFileType = text.xcconfig; name = "Pods-EachOther.debug.xcconfig"; path = "Target Support Files/Pods-EachOther/Pods-EachOther.debug.xcconfig"; sourceTree = "<group>"; };
		7A1E1667EB6CD4858F8D7085 /* Pods-EachOther.release.xcconfig */ = {isa = PBXFileReference; includeInIndex = 1; lastKnownFileType = text.xcconfig; name = "Pods-EachOther.release.xcconfig"; path = "Target Support Files/Pods-EachOther/Pods-EachOther.release.xcconfig"; sourceTree = "<group>"; };
		8CBDD02488C4C59E6DD9C71B /* Pods_EachOther.framework */ = {isa = PBXFileReference; explicitFileType = wrapper.framework; includeInIndex = 0; path = Pods_EachOther.framework; sourceTree = BUILT_PRODUCTS_DIR; };
		B1BA6D99740CE4FC158FF0D8 /* Pods_EachOtherTests.framework */ = {isa = PBXFileReference; explicitFileType = wrapper.framework; includeInIndex = 0; path = Pods_EachOtherTests.framework; sourceTree = BUILT_PRODUCTS_DIR; };
		C320A016E7F3F3FF18E7D6E5 /* Pods-EachOtherTests.debug.xcconfig */ = {isa = PBXFileReference; includeInIndex = 1; lastKnownFileType = text.xcconfig; name = "Pods-EachOtherTests.debug.xcconfig"; path = "Target Support Files/Pods-EachOtherTests/Pods-EachOtherTests.debug.xcconfig"; sourceTree = "<group>"; };
		C9126F582240A629007E7FE4 /* EachOther.app */ = {isa = PBXFileReference; explicitFileType = wrapper.application; includeInIndex = 0; path = EachOther.app; sourceTree = BUILT_PRODUCTS_DIR; };
		C9126F5B2240A629007E7FE4 /* AppDelegate.swift */ = {isa = PBXFileReference; lastKnownFileType = sourcecode.swift; path = AppDelegate.swift; sourceTree = "<group>"; };
		C9126F5D2240A629007E7FE4 /* StartVC.swift */ = {isa = PBXFileReference; lastKnownFileType = sourcecode.swift; path = StartVC.swift; sourceTree = "<group>"; };
		C9126F602240A629007E7FE4 /* Base */ = {isa = PBXFileReference; lastKnownFileType = file.storyboard; name = Base; path = Base.lproj/Start.storyboard; sourceTree = "<group>"; };
		C9126F632240A629007E7FE4 /* EachOther.xcdatamodel */ = {isa = PBXFileReference; lastKnownFileType = wrapper.xcdatamodel; path = EachOther.xcdatamodel; sourceTree = "<group>"; };
		C9126F652240A62A007E7FE4 /* Assets.xcassets */ = {isa = PBXFileReference; lastKnownFileType = folder.assetcatalog; path = Assets.xcassets; sourceTree = "<group>"; };
		C9126F682240A62A007E7FE4 /* Base */ = {isa = PBXFileReference; lastKnownFileType = file.storyboard; name = Base; path = Base.lproj/LaunchScreen.storyboard; sourceTree = "<group>"; };
		C9126F6A2240A62A007E7FE4 /* Info.plist */ = {isa = PBXFileReference; lastKnownFileType = text.plist.xml; path = Info.plist; sourceTree = "<group>"; };
		C9126F6F2240A62B007E7FE4 /* EachOtherTests.xctest */ = {isa = PBXFileReference; explicitFileType = wrapper.cfbundle; includeInIndex = 0; path = EachOtherTests.xctest; sourceTree = BUILT_PRODUCTS_DIR; };
		C9126F732240A62B007E7FE4 /* EachOtherTests.swift */ = {isa = PBXFileReference; lastKnownFileType = sourcecode.swift; path = EachOtherTests.swift; sourceTree = "<group>"; };
		C9126F752240A62B007E7FE4 /* Info.plist */ = {isa = PBXFileReference; lastKnownFileType = text.plist.xml; path = Info.plist; sourceTree = "<group>"; };
		C9126F842240A821007E7FE4 /* familyImage.jpg */ = {isa = PBXFileReference; lastKnownFileType = image.jpeg; path = familyImage.jpg; sourceTree = "<group>"; };
		C9126F862240B36F007E7FE4 /* Main.storyboard */ = {isa = PBXFileReference; lastKnownFileType = file.storyboard; path = Main.storyboard; sourceTree = "<group>"; };
		C9126F882240DDF4007E7FE4 /* ConnectVC.swift */ = {isa = PBXFileReference; lastKnownFileType = sourcecode.swift; path = ConnectVC.swift; sourceTree = "<group>"; };
		C9126F8A2240DE43007E7FE4 /* CertifyVC.swift */ = {isa = PBXFileReference; lastKnownFileType = sourcecode.swift; path = CertifyVC.swift; sourceTree = "<group>"; };
		C9126F8C224135B2007E7FE4 /* CalendarCell.swift */ = {isa = PBXFileReference; lastKnownFileType = sourcecode.swift; path = CalendarCell.swift; sourceTree = "<group>"; };
		C9126F8E224136AC007E7FE4 /* SchedularVC.swift */ = {isa = PBXFileReference; lastKnownFileType = sourcecode.swift; path = SchedularVC.swift; sourceTree = "<group>"; };
		C916A445227709A6000DC0FB /* addPhoto.png */ = {isa = PBXFileReference; lastKnownFileType = image.png; path = addPhoto.png; sourceTree = "<group>"; };
		C916A44722771073000DC0FB /* AlbumVC.swift */ = {isa = PBXFileReference; lastKnownFileType = sourcecode.swift; path = AlbumVC.swift; sourceTree = "<group>"; };
		C916A449227710A2000DC0FB /* AlbumModel.swift */ = {isa = PBXFileReference; lastKnownFileType = sourcecode.swift; name = AlbumModel.swift; path = EachOther/VC/Main/AlbumModel.swift; sourceTree = SOURCE_ROOT; };
		C916A44B227710AC000DC0FB /* AlbumViewModel.swift */ = {isa = PBXFileReference; lastKnownFileType = sourcecode.swift; name = AlbumViewModel.swift; path = EachOther/VC/Main/AlbumViewModel.swift; sourceTree = SOURCE_ROOT; };
		C95144402278263800B3C02B /* AddAlbumVC.swift */ = {isa = PBXFileReference; lastKnownFileType = sourcecode.swift; path = AddAlbumVC.swift; sourceTree = "<group>"; };
		C95144422278297800B3C02B /* AddAlbumViewModel.swift */ = {isa = PBXFileReference; lastKnownFileType = sourcecode.swift; name = AddAlbumViewModel.swift; path = EachOther/VC/Main/AddAlbumViewModel.swift; sourceTree = SOURCE_ROOT; };
		C95869BD224DB982002BCE55 /* CertifyModel.swift */ = {isa = PBXFileReference; lastKnownFileType = sourcecode.swift; path = CertifyModel.swift; sourceTree = "<group>"; };
		C96B365F224D13FA00A2B114 /* CertifyViewModel.swift */ = {isa = PBXFileReference; lastKnownFileType = sourcecode.swift; path = CertifyViewModel.swift; sourceTree = "<group>"; };
		C9743A4B2241CE740051F549 /* Base.swift */ = {isa = PBXFileReference; lastKnownFileType = sourcecode.swift; path = Base.swift; sourceTree = "<group>"; };
		C9743A4D22420FAD0051F549 /* Shape.swift */ = {isa = PBXFileReference; lastKnownFileType = sourcecode.swift; path = Shape.swift; sourceTree = "<group>"; };
		C9790A8C22539D8E00E5CB44 /* GoogleService-Info.plist */ = {isa = PBXFileReference; fileEncoding = 4; lastKnownFileType = text.plist.xml; path = "GoogleService-Info.plist"; sourceTree = "<group>"; };
		C9C31CA6225B831A005E41F2 /* HomeVC.swift */ = {isa = PBXFileReference; lastKnownFileType = sourcecode.swift; path = HomeVC.swift; sourceTree = "<group>"; };
		C9C31CA8225B8330005E41F2 /* HomeModel.swift */ = {isa = PBXFileReference; lastKnownFileType = sourcecode.swift; name = HomeModel.swift; path = EachOther/VC/Main/HomeModel.swift; sourceTree = SOURCE_ROOT; };
		C9C31CAA225B833C005E41F2 /* HomeViewModel.swift */ = {isa = PBXFileReference; lastKnownFileType = sourcecode.swift; name = HomeViewModel.swift; path = EachOther/VC/Main/HomeViewModel.swift; sourceTree = SOURCE_ROOT; };
		C9D3B50222548685009D0A87 /* ConnectModel.swift */ = {isa = PBXFileReference; lastKnownFileType = sourcecode.swift; path = ConnectModel.swift; sourceTree = "<group>"; };
		C9D3B504225486E2009D0A87 /* ConnectViewModel.swift */ = {isa = PBXFileReference; lastKnownFileType = sourcecode.swift; path = ConnectViewModel.swift; sourceTree = "<group>"; };
		C9D62DAC2277322700942C82 /* MainVC.swift */ = {isa = PBXFileReference; lastKnownFileType = sourcecode.swift; path = MainVC.swift; sourceTree = "<group>"; };
/* End PBXFileReference section */

/* Begin PBXFrameworksBuildPhase section */
		C9126F552240A629007E7FE4 /* Frameworks */ = {
			isa = PBXFrameworksBuildPhase;
			buildActionMask = 2147483647;
			files = (
				1BB80F77A692F877167369E6 /* Pods_EachOther.framework in Frameworks */,
			);
			runOnlyForDeploymentPostprocessing = 0;
		};
		C9126F6C2240A62B007E7FE4 /* Frameworks */ = {
			isa = PBXFrameworksBuildPhase;
			buildActionMask = 2147483647;
			files = (
				F1E7FF637EB3346565386FDA /* Pods_EachOtherTests.framework in Frameworks */,
			);
			runOnlyForDeploymentPostprocessing = 0;
		};
/* End PBXFrameworksBuildPhase section */

/* Begin PBXGroup section */
		35C0AB49F93B96D057243A24 /* Pods */ = {
			isa = PBXGroup;
			children = (
				415744A73D50F5BFDBFFCA9D /* Pods-EachOther.debug.xcconfig */,
				7A1E1667EB6CD4858F8D7085 /* Pods-EachOther.release.xcconfig */,
				C320A016E7F3F3FF18E7D6E5 /* Pods-EachOtherTests.debug.xcconfig */,
				20C6EBFD3FCB0E62BF5974B2 /* Pods-EachOtherTests.release.xcconfig */,
			);
			path = Pods;
			sourceTree = "<group>";
		};
		852E56A047A6B2C8026A139F /* Frameworks */ = {
			isa = PBXGroup;
			children = (
				8CBDD02488C4C59E6DD9C71B /* Pods_EachOther.framework */,
				B1BA6D99740CE4FC158FF0D8 /* Pods_EachOtherTests.framework */,
			);
			name = Frameworks;
			sourceTree = "<group>";
		};
		C9126F4F2240A629007E7FE4 = {
			isa = PBXGroup;
			children = (
				C9126F5A2240A629007E7FE4 /* EachOther */,
				C9126F722240A62B007E7FE4 /* EachOtherTests */,
				C9126F592240A629007E7FE4 /* Products */,
				35C0AB49F93B96D057243A24 /* Pods */,
				852E56A047A6B2C8026A139F /* Frameworks */,
			);
			sourceTree = "<group>";
		};
		C9126F592240A629007E7FE4 /* Products */ = {
			isa = PBXGroup;
			children = (
				C9126F582240A629007E7FE4 /* EachOther.app */,
				C9126F6F2240A62B007E7FE4 /* EachOtherTests.xctest */,
			);
			name = Products;
			sourceTree = "<group>";
		};
		C9126F5A2240A629007E7FE4 /* EachOther */ = {
			isa = PBXGroup;
			children = (
				C96B3659224D12F300A2B114 /* ViewModel */,
				C9126F832240A6CA007E7FE4 /* Model */,
				C9126F822240A6C5007E7FE4 /* VC */,
				C9126F812240A6C0007E7FE4 /* Util */,
				C9126F802240A6B1007E7FE4 /* UI */,
				C9126F7E2240A6A2007E7FE4 /* Image */,
				C9126F5B2240A629007E7FE4 /* AppDelegate.swift */,
				C9126F652240A62A007E7FE4 /* Assets.xcassets */,
				C9126F672240A62A007E7FE4 /* LaunchScreen.storyboard */,
				C9126F6A2240A62A007E7FE4 /* Info.plist */,
				C9126F622240A629007E7FE4 /* EachOther.xcdatamodeld */,
				C9790A8C22539D8E00E5CB44 /* GoogleService-Info.plist */,
			);
			path = EachOther;
			sourceTree = "<group>";
		};
		C9126F722240A62B007E7FE4 /* EachOtherTests */ = {
			isa = PBXGroup;
			children = (
				C9126F732240A62B007E7FE4 /* EachOtherTests.swift */,
				C9126F752240A62B007E7FE4 /* Info.plist */,
			);
			path = EachOtherTests;
			sourceTree = "<group>";
		};
		C9126F7E2240A6A2007E7FE4 /* Image */ = {
			isa = PBXGroup;
			children = (
				C916A445227709A6000DC0FB /* addPhoto.png */,
				C9126F842240A821007E7FE4 /* familyImage.jpg */,
			);
			path = Image;
			sourceTree = "<group>";
		};
		C9126F802240A6B1007E7FE4 /* UI */ = {
			isa = PBXGroup;
			children = (
				C9126F5F2240A629007E7FE4 /* Start.storyboard */,
				C9126F862240B36F007E7FE4 /* Main.storyboard */,
			);
			path = UI;
			sourceTree = "<group>";
		};
		C9126F812240A6C0007E7FE4 /* Util */ = {
			isa = PBXGroup;
			children = (
				C9126F8C224135B2007E7FE4 /* CalendarCell.swift */,
				C9743A4B2241CE740051F549 /* Base.swift */,
				C9743A4D22420FAD0051F549 /* Shape.swift */,
			);
			path = Util;
			sourceTree = "<group>";
		};
		C9126F822240A6C5007E7FE4 /* VC */ = {
			isa = PBXGroup;
			children = (
				C96B365B224D132400A2B114 /* Main */,
				C96B365A224D130C00A2B114 /* Start */,
			);
			path = VC;
			sourceTree = "<group>";
		};
		C9126F832240A6CA007E7FE4 /* Model */ = {
			isa = PBXGroup;
			children = (
				C95869BC224DB96B002BCE55 /* Main */,
				C95869BB224DB964002BCE55 /* Start */,
			);
			path = Model;
			sourceTree = "<group>";
		};
		C95869BB224DB964002BCE55 /* Start */ = {
			isa = PBXGroup;
			children = (
				C95869BD224DB982002BCE55 /* CertifyModel.swift */,
				C9D3B50222548685009D0A87 /* ConnectModel.swift */,
			);
			path = Start;
			sourceTree = "<group>";
		};
		C95869BC224DB96B002BCE55 /* Main */ = {
			isa = PBXGroup;
			children = (
				C9C31CA8225B8330005E41F2 /* HomeModel.swift */,
				C916A449227710A2000DC0FB /* AlbumModel.swift */,
			);
			path = Main;
			sourceTree = "<group>";
		};
		C96B3659224D12F300A2B114 /* ViewModel */ = {
			isa = PBXGroup;
			children = (
				C96B365D224D13DC00A2B114 /* Start */,
				C96B365C224D13D600A2B114 /* Main */,
			);
			path = ViewModel;
			sourceTree = "<group>";
		};
		C96B365A224D130C00A2B114 /* Start */ = {
			isa = PBXGroup;
			children = (
				C9126F5D2240A629007E7FE4 /* StartVC.swift */,
				C9126F882240DDF4007E7FE4 /* ConnectVC.swift */,
				C9126F8A2240DE43007E7FE4 /* CertifyVC.swift */,
			);
			path = Start;
			sourceTree = "<group>";
		};
		C96B365B224D132400A2B114 /* Main */ = {
			isa = PBXGroup;
			children = (
				C9126F8E224136AC007E7FE4 /* SchedularVC.swift */,
				C9C31CA6225B831A005E41F2 /* HomeVC.swift */,
				C916A44722771073000DC0FB /* AlbumVC.swift */,
				C9D62DAC2277322700942C82 /* MainVC.swift */,
				C95144402278263800B3C02B /* AddAlbumVC.swift */,
			);
			path = Main;
			sourceTree = "<group>";
		};
		C96B365C224D13D600A2B114 /* Main */ = {
			isa = PBXGroup;
			children = (
				C9C31CAA225B833C005E41F2 /* HomeViewModel.swift */,
				C916A44B227710AC000DC0FB /* AlbumViewModel.swift */,
				C95144422278297800B3C02B /* AddAlbumViewModel.swift */,
			);
			path = Main;
			sourceTree = "<group>";
		};
		C96B365D224D13DC00A2B114 /* Start */ = {
			isa = PBXGroup;
			children = (
				C96B365F224D13FA00A2B114 /* CertifyViewModel.swift */,
				C9D3B504225486E2009D0A87 /* ConnectViewModel.swift */,
			);
			path = Start;
			sourceTree = "<group>";
		};
/* End PBXGroup section */

/* Begin PBXNativeTarget section */
		C9126F572240A629007E7FE4 /* EachOther */ = {
			isa = PBXNativeTarget;
			buildConfigurationList = C9126F782240A62B007E7FE4 /* Build configuration list for PBXNativeTarget "EachOther" */;
			buildPhases = (
				D6C4AF3C4775F425113F5BF7 /* [CP] Check Pods Manifest.lock */,
				C9126F542240A629007E7FE4 /* Sources */,
				C9126F552240A629007E7FE4 /* Frameworks */,
				C9126F562240A629007E7FE4 /* Resources */,
				6B67948EBE9F6159C13E0B87 /* [CP] Embed Pods Frameworks */,
			);
			buildRules = (
			);
			dependencies = (
			);
			name = EachOther;
			productName = EachOther;
			productReference = C9126F582240A629007E7FE4 /* EachOther.app */;
			productType = "com.apple.product-type.application";
		};
		C9126F6E2240A62B007E7FE4 /* EachOtherTests */ = {
			isa = PBXNativeTarget;
			buildConfigurationList = C9126F7B2240A62B007E7FE4 /* Build configuration list for PBXNativeTarget "EachOtherTests" */;
			buildPhases = (
				F30BA48A87DD58D2121792C2 /* [CP] Check Pods Manifest.lock */,
				C9126F6B2240A62B007E7FE4 /* Sources */,
				C9126F6C2240A62B007E7FE4 /* Frameworks */,
				C9126F6D2240A62B007E7FE4 /* Resources */,
			);
			buildRules = (
			);
			dependencies = (
				C9126F712240A62B007E7FE4 /* PBXTargetDependency */,
			);
			name = EachOtherTests;
			productName = EachOtherTests;
			productReference = C9126F6F2240A62B007E7FE4 /* EachOtherTests.xctest */;
			productType = "com.apple.product-type.bundle.unit-test";
		};
/* End PBXNativeTarget section */

/* Begin PBXProject section */
		C9126F502240A629007E7FE4 /* Project object */ = {
			isa = PBXProject;
			attributes = {
				LastSwiftUpdateCheck = 1010;
				LastUpgradeCheck = 1010;
				ORGANIZATIONNAME = daeun;
				TargetAttributes = {
					C9126F572240A629007E7FE4 = {
						CreatedOnToolsVersion = 10.1;
					};
					C9126F6E2240A62B007E7FE4 = {
						CreatedOnToolsVersion = 10.1;
						TestTargetID = C9126F572240A629007E7FE4;
					};
				};
			};
			buildConfigurationList = C9126F532240A629007E7FE4 /* Build configuration list for PBXProject "EachOther" */;
			compatibilityVersion = "Xcode 9.3";
			developmentRegion = en;
			hasScannedForEncodings = 0;
			knownRegions = (
				en,
				Base,
			);
			mainGroup = C9126F4F2240A629007E7FE4;
			productRefGroup = C9126F592240A629007E7FE4 /* Products */;
			projectDirPath = "";
			projectRoot = "";
			targets = (
				C9126F572240A629007E7FE4 /* EachOther */,
				C9126F6E2240A62B007E7FE4 /* EachOtherTests */,
			);
		};
/* End PBXProject section */

/* Begin PBXResourcesBuildPhase section */
		C9126F562240A629007E7FE4 /* Resources */ = {
			isa = PBXResourcesBuildPhase;
			buildActionMask = 2147483647;
			files = (
				C9126F692240A62A007E7FE4 /* LaunchScreen.storyboard in Resources */,
				C9126F872240B36F007E7FE4 /* Main.storyboard in Resources */,
				C9126F662240A62A007E7FE4 /* Assets.xcassets in Resources */,
				C9126F612240A629007E7FE4 /* Start.storyboard in Resources */,
				C9126F852240A821007E7FE4 /* familyImage.jpg in Resources */,
				C9790A8D22539D8E00E5CB44 /* GoogleService-Info.plist in Resources */,
				C916A446227709A6000DC0FB /* addPhoto.png in Resources */,
			);
			runOnlyForDeploymentPostprocessing = 0;
		};
		C9126F6D2240A62B007E7FE4 /* Resources */ = {
			isa = PBXResourcesBuildPhase;
			buildActionMask = 2147483647;
			files = (
			);
			runOnlyForDeploymentPostprocessing = 0;
		};
/* End PBXResourcesBuildPhase section */

/* Begin PBXShellScriptBuildPhase section */
		6B67948EBE9F6159C13E0B87 /* [CP] Embed Pods Frameworks */ = {
			isa = PBXShellScriptBuildPhase;
			buildActionMask = 2147483647;
			files = (
			);
			inputFileListPaths = (
			);
			inputPaths = (
				"${PODS_ROOT}/Target Support Files/Pods-EachOther/Pods-EachOther-frameworks.sh",
				"${BUILT_PRODUCTS_DIR}/BoringSSL-GRPC/openssl_grpc.framework",
				"${BUILT_PRODUCTS_DIR}/DLRadioButton/DLRadioButton.framework",
				"${BUILT_PRODUCTS_DIR}/Differentiator/Differentiator.framework",
				"${BUILT_PRODUCTS_DIR}/GTMSessionFetcher/GTMSessionFetcher.framework",
				"${BUILT_PRODUCTS_DIR}/GoogleUtilities/GoogleUtilities.framework",
				"${BUILT_PRODUCTS_DIR}/JTAppleCalendar/JTAppleCalendar.framework",
				"${BUILT_PRODUCTS_DIR}/Protobuf/Protobuf.framework",
				"${BUILT_PRODUCTS_DIR}/RxAtomic/RxAtomic.framework",
				"${BUILT_PRODUCTS_DIR}/RxCocoa/RxCocoa.framework",
				"${BUILT_PRODUCTS_DIR}/RxDataSources/RxDataSources.framework",
				"${BUILT_PRODUCTS_DIR}/RxSwift/RxSwift.framework",
				"${BUILT_PRODUCTS_DIR}/TextFieldEffects/TextFieldEffects.framework",
				"${BUILT_PRODUCTS_DIR}/gRPC-C++/grpcpp.framework",
				"${BUILT_PRODUCTS_DIR}/gRPC-Core/grpc.framework",
				"${BUILT_PRODUCTS_DIR}/leveldb-library/leveldb.framework",
				"${BUILT_PRODUCTS_DIR}/nanopb/nanopb.framework",
			);
			name = "[CP] Embed Pods Frameworks";
			outputFileListPaths = (
			);
			outputPaths = (
				"${TARGET_BUILD_DIR}/${FRAMEWORKS_FOLDER_PATH}/openssl_grpc.framework",
				"${TARGET_BUILD_DIR}/${FRAMEWORKS_FOLDER_PATH}/DLRadioButton.framework",
				"${TARGET_BUILD_DIR}/${FRAMEWORKS_FOLDER_PATH}/Differentiator.framework",
				"${TARGET_BUILD_DIR}/${FRAMEWORKS_FOLDER_PATH}/GTMSessionFetcher.framework",
				"${TARGET_BUILD_DIR}/${FRAMEWORKS_FOLDER_PATH}/GoogleUtilities.framework",
				"${TARGET_BUILD_DIR}/${FRAMEWORKS_FOLDER_PATH}/JTAppleCalendar.framework",
				"${TARGET_BUILD_DIR}/${FRAMEWORKS_FOLDER_PATH}/Protobuf.framework",
				"${TARGET_BUILD_DIR}/${FRAMEWORKS_FOLDER_PATH}/RxAtomic.framework",
				"${TARGET_BUILD_DIR}/${FRAMEWORKS_FOLDER_PATH}/RxCocoa.framework",
				"${TARGET_BUILD_DIR}/${FRAMEWORKS_FOLDER_PATH}/RxDataSources.framework",
				"${TARGET_BUILD_DIR}/${FRAMEWORKS_FOLDER_PATH}/RxSwift.framework",
				"${TARGET_BUILD_DIR}/${FRAMEWORKS_FOLDER_PATH}/TextFieldEffects.framework",
				"${TARGET_BUILD_DIR}/${FRAMEWORKS_FOLDER_PATH}/grpcpp.framework",
				"${TARGET_BUILD_DIR}/${FRAMEWORKS_FOLDER_PATH}/grpc.framework",
				"${TARGET_BUILD_DIR}/${FRAMEWORKS_FOLDER_PATH}/leveldb.framework",
				"${TARGET_BUILD_DIR}/${FRAMEWORKS_FOLDER_PATH}/nanopb.framework",
			);
			runOnlyForDeploymentPostprocessing = 0;
			shellPath = /bin/sh;
			shellScript = "\"${PODS_ROOT}/Target Support Files/Pods-EachOther/Pods-EachOther-frameworks.sh\"\n";
			showEnvVarsInLog = 0;
		};
		D6C4AF3C4775F425113F5BF7 /* [CP] Check Pods Manifest.lock */ = {
			isa = PBXShellScriptBuildPhase;
			buildActionMask = 2147483647;
			files = (
			);
			inputFileListPaths = (
			);
			inputPaths = (
				"${PODS_PODFILE_DIR_PATH}/Podfile.lock",
				"${PODS_ROOT}/Manifest.lock",
			);
			name = "[CP] Check Pods Manifest.lock";
			outputFileListPaths = (
			);
			outputPaths = (
				"$(DERIVED_FILE_DIR)/Pods-EachOther-checkManifestLockResult.txt",
			);
			runOnlyForDeploymentPostprocessing = 0;
			shellPath = /bin/sh;
			shellScript = "diff \"${PODS_PODFILE_DIR_PATH}/Podfile.lock\" \"${PODS_ROOT}/Manifest.lock\" > /dev/null\nif [ $? != 0 ] ; then\n    # print error to STDERR\n    echo \"error: The sandbox is not in sync with the Podfile.lock. Run 'pod install' or update your CocoaPods installation.\" >&2\n    exit 1\nfi\n# This output is used by Xcode 'outputs' to avoid re-running this script phase.\necho \"SUCCESS\" > \"${SCRIPT_OUTPUT_FILE_0}\"\n";
			showEnvVarsInLog = 0;
		};
		F30BA48A87DD58D2121792C2 /* [CP] Check Pods Manifest.lock */ = {
			isa = PBXShellScriptBuildPhase;
			buildActionMask = 2147483647;
			files = (
			);
			inputFileListPaths = (
			);
			inputPaths = (
				"${PODS_PODFILE_DIR_PATH}/Podfile.lock",
				"${PODS_ROOT}/Manifest.lock",
			);
			name = "[CP] Check Pods Manifest.lock";
			outputFileListPaths = (
			);
			outputPaths = (
				"$(DERIVED_FILE_DIR)/Pods-EachOtherTests-checkManifestLockResult.txt",
			);
			runOnlyForDeploymentPostprocessing = 0;
			shellPath = /bin/sh;
			shellScript = "diff \"${PODS_PODFILE_DIR_PATH}/Podfile.lock\" \"${PODS_ROOT}/Manifest.lock\" > /dev/null\nif [ $? != 0 ] ; then\n    # print error to STDERR\n    echo \"error: The sandbox is not in sync with the Podfile.lock. Run 'pod install' or update your CocoaPods installation.\" >&2\n    exit 1\nfi\n# This output is used by Xcode 'outputs' to avoid re-running this script phase.\necho \"SUCCESS\" > \"${SCRIPT_OUTPUT_FILE_0}\"\n";
			showEnvVarsInLog = 0;
		};
/* End PBXShellScriptBuildPhase section */

/* Begin PBXSourcesBuildPhase section */
		C9126F542240A629007E7FE4 /* Sources */ = {
			isa = PBXSourcesBuildPhase;
			buildActionMask = 2147483647;
			files = (
				C9D3B505225486E2009D0A87 /* ConnectViewModel.swift in Sources */,
				C9D62DAD2277322700942C82 /* MainVC.swift in Sources */,
				C9C31CA7225B831A005E41F2 /* HomeVC.swift in Sources */,
				C916A44C227710AC000DC0FB /* AlbumViewModel.swift in Sources */,
				C95144412278263800B3C02B /* AddAlbumVC.swift in Sources */,
				C9743A4C2241CE740051F549 /* Base.swift in Sources */,
				C95144432278297800B3C02B /* AddAlbumViewModel.swift in Sources */,
				C9C31CAB225B833C005E41F2 /* HomeViewModel.swift in Sources */,
				C9D3B50322548686009D0A87 /* ConnectModel.swift in Sources */,
				C9126F642240A629007E7FE4 /* EachOther.xcdatamodeld in Sources */,
				C9126F8F224136AC007E7FE4 /* SchedularVC.swift in Sources */,
				C9126F8D224135B2007E7FE4 /* CalendarCell.swift in Sources */,
				C96B3660224D13FA00A2B114 /* CertifyViewModel.swift in Sources */,
				C9C31CA9225B8330005E41F2 /* HomeModel.swift in Sources */,
				C9743A4E22420FAD0051F549 /* Shape.swift in Sources */,
				C9126F892240DDF4007E7FE4 /* ConnectVC.swift in Sources */,
				C9126F5E2240A629007E7FE4 /* StartVC.swift in Sources */,
				C916A44A227710A2000DC0FB /* AlbumModel.swift in Sources */,
				C95869BE224DB982002BCE55 /* CertifyModel.swift in Sources */,
				C9126F5C2240A629007E7FE4 /* AppDelegate.swift in Sources */,
				C9126F8B2240DE43007E7FE4 /* CertifyVC.swift in Sources */,
				C916A44822771073000DC0FB /* AlbumVC.swift in Sources */,
			);
			runOnlyForDeploymentPostprocessing = 0;
		};
		C9126F6B2240A62B007E7FE4 /* Sources */ = {
			isa = PBXSourcesBuildPhase;
			buildActionMask = 2147483647;
			files = (
				C9126F742240A62B007E7FE4 /* EachOtherTests.swift in Sources */,
			);
			runOnlyForDeploymentPostprocessing = 0;
		};
/* End PBXSourcesBuildPhase section */

/* Begin PBXTargetDependency section */
		C9126F712240A62B007E7FE4 /* PBXTargetDependency */ = {
			isa = PBXTargetDependency;
			target = C9126F572240A629007E7FE4 /* EachOther */;
			targetProxy = C9126F702240A62B007E7FE4 /* PBXContainerItemProxy */;
		};
/* End PBXTargetDependency section */

/* Begin PBXVariantGroup section */
		C9126F5F2240A629007E7FE4 /* Start.storyboard */ = {
			isa = PBXVariantGroup;
			children = (
				C9126F602240A629007E7FE4 /* Base */,
			);
			name = Start.storyboard;
			sourceTree = "<group>";
		};
		C9126F672240A62A007E7FE4 /* LaunchScreen.storyboard */ = {
			isa = PBXVariantGroup;
			children = (
				C9126F682240A62A007E7FE4 /* Base */,
			);
			name = LaunchScreen.storyboard;
			sourceTree = "<group>";
		};
/* End PBXVariantGroup section */

/* Begin XCBuildConfiguration section */
		C9126F762240A62B007E7FE4 /* Debug */ = {
			isa = XCBuildConfiguration;
			buildSettings = {
				ALWAYS_SEARCH_USER_PATHS = NO;
				CLANG_ANALYZER_NONNULL = YES;
				CLANG_ANALYZER_NUMBER_OBJECT_CONVERSION = YES_AGGRESSIVE;
				CLANG_CXX_LANGUAGE_STANDARD = "gnu++14";
				CLANG_CXX_LIBRARY = "libc++";
				CLANG_ENABLE_MODULES = YES;
				CLANG_ENABLE_OBJC_ARC = YES;
				CLANG_ENABLE_OBJC_WEAK = YES;
				CLANG_WARN_BLOCK_CAPTURE_AUTORELEASING = YES;
				CLANG_WARN_BOOL_CONVERSION = YES;
				CLANG_WARN_COMMA = YES;
				CLANG_WARN_CONSTANT_CONVERSION = YES;
				CLANG_WARN_DEPRECATED_OBJC_IMPLEMENTATIONS = YES;
				CLANG_WARN_DIRECT_OBJC_ISA_USAGE = YES_ERROR;
				CLANG_WARN_DOCUMENTATION_COMMENTS = YES;
				CLANG_WARN_EMPTY_BODY = YES;
				CLANG_WARN_ENUM_CONVERSION = YES;
				CLANG_WARN_INFINITE_RECURSION = YES;
				CLANG_WARN_INT_CONVERSION = YES;
				CLANG_WARN_NON_LITERAL_NULL_CONVERSION = YES;
				CLANG_WARN_OBJC_IMPLICIT_RETAIN_SELF = YES;
				CLANG_WARN_OBJC_LITERAL_CONVERSION = YES;
				CLANG_WARN_OBJC_ROOT_CLASS = YES_ERROR;
				CLANG_WARN_RANGE_LOOP_ANALYSIS = YES;
				CLANG_WARN_STRICT_PROTOTYPES = YES;
				CLANG_WARN_SUSPICIOUS_MOVE = YES;
				CLANG_WARN_UNGUARDED_AVAILABILITY = YES_AGGRESSIVE;
				CLANG_WARN_UNREACHABLE_CODE = YES;
				CLANG_WARN__DUPLICATE_METHOD_MATCH = YES;
				CODE_SIGN_IDENTITY = "iPhone Developer";
				COPY_PHASE_STRIP = NO;
				DEBUG_INFORMATION_FORMAT = dwarf;
				ENABLE_STRICT_OBJC_MSGSEND = YES;
				ENABLE_TESTABILITY = YES;
				GCC_C_LANGUAGE_STANDARD = gnu11;
				GCC_DYNAMIC_NO_PIC = NO;
				GCC_NO_COMMON_BLOCKS = YES;
				GCC_OPTIMIZATION_LEVEL = 0;
				GCC_PREPROCESSOR_DEFINITIONS = (
					"DEBUG=1",
					"$(inherited)",
				);
				GCC_WARN_64_TO_32_BIT_CONVERSION = YES;
				GCC_WARN_ABOUT_RETURN_TYPE = YES_ERROR;
				GCC_WARN_UNDECLARED_SELECTOR = YES;
				GCC_WARN_UNINITIALIZED_AUTOS = YES_AGGRESSIVE;
				GCC_WARN_UNUSED_FUNCTION = YES;
				GCC_WARN_UNUSED_VARIABLE = YES;
				IPHONEOS_DEPLOYMENT_TARGET = 12.1;
				MTL_ENABLE_DEBUG_INFO = INCLUDE_SOURCE;
				MTL_FAST_MATH = YES;
				ONLY_ACTIVE_ARCH = YES;
				SDKROOT = iphoneos;
				SWIFT_ACTIVE_COMPILATION_CONDITIONS = DEBUG;
				SWIFT_OPTIMIZATION_LEVEL = "-Onone";
			};
			name = Debug;
		};
		C9126F772240A62B007E7FE4 /* Release */ = {
			isa = XCBuildConfiguration;
			buildSettings = {
				ALWAYS_SEARCH_USER_PATHS = NO;
				CLANG_ANALYZER_NONNULL = YES;
				CLANG_ANALYZER_NUMBER_OBJECT_CONVERSION = YES_AGGRESSIVE;
				CLANG_CXX_LANGUAGE_STANDARD = "gnu++14";
				CLANG_CXX_LIBRARY = "libc++";
				CLANG_ENABLE_MODULES = YES;
				CLANG_ENABLE_OBJC_ARC = YES;
				CLANG_ENABLE_OBJC_WEAK = YES;
				CLANG_WARN_BLOCK_CAPTURE_AUTORELEASING = YES;
				CLANG_WARN_BOOL_CONVERSION = YES;
				CLANG_WARN_COMMA = YES;
				CLANG_WARN_CONSTANT_CONVERSION = YES;
				CLANG_WARN_DEPRECATED_OBJC_IMPLEMENTATIONS = YES;
				CLANG_WARN_DIRECT_OBJC_ISA_USAGE = YES_ERROR;
				CLANG_WARN_DOCUMENTATION_COMMENTS = YES;
				CLANG_WARN_EMPTY_BODY = YES;
				CLANG_WARN_ENUM_CONVERSION = YES;
				CLANG_WARN_INFINITE_RECURSION = YES;
				CLANG_WARN_INT_CONVERSION = YES;
				CLANG_WARN_NON_LITERAL_NULL_CONVERSION = YES;
				CLANG_WARN_OBJC_IMPLICIT_RETAIN_SELF = YES;
				CLANG_WARN_OBJC_LITERAL_CONVERSION = YES;
				CLANG_WARN_OBJC_ROOT_CLASS = YES_ERROR;
				CLANG_WARN_RANGE_LOOP_ANALYSIS = YES;
				CLANG_WARN_STRICT_PROTOTYPES = YES;
				CLANG_WARN_SUSPICIOUS_MOVE = YES;
				CLANG_WARN_UNGUARDED_AVAILABILITY = YES_AGGRESSIVE;
				CLANG_WARN_UNREACHABLE_CODE = YES;
				CLANG_WARN__DUPLICATE_METHOD_MATCH = YES;
				CODE_SIGN_IDENTITY = "iPhone Developer";
				COPY_PHASE_STRIP = NO;
				DEBUG_INFORMATION_FORMAT = "dwarf-with-dsym";
				ENABLE_NS_ASSERTIONS = NO;
				ENABLE_STRICT_OBJC_MSGSEND = YES;
				GCC_C_LANGUAGE_STANDARD = gnu11;
				GCC_NO_COMMON_BLOCKS = YES;
				GCC_WARN_64_TO_32_BIT_CONVERSION = YES;
				GCC_WARN_ABOUT_RETURN_TYPE = YES_ERROR;
				GCC_WARN_UNDECLARED_SELECTOR = YES;
				GCC_WARN_UNINITIALIZED_AUTOS = YES_AGGRESSIVE;
				GCC_WARN_UNUSED_FUNCTION = YES;
				GCC_WARN_UNUSED_VARIABLE = YES;
				IPHONEOS_DEPLOYMENT_TARGET = 12.1;
				MTL_ENABLE_DEBUG_INFO = NO;
				MTL_FAST_MATH = YES;
				SDKROOT = iphoneos;
				SWIFT_COMPILATION_MODE = wholemodule;
				SWIFT_OPTIMIZATION_LEVEL = "-O";
				VALIDATE_PRODUCT = YES;
			};
			name = Release;
		};
		C9126F792240A62B007E7FE4 /* Debug */ = {
			isa = XCBuildConfiguration;
			baseConfigurationReference = 415744A73D50F5BFDBFFCA9D /* Pods-EachOther.debug.xcconfig */;
			buildSettings = {
				ASSETCATALOG_COMPILER_APPICON_NAME = AppIcon;
				CODE_SIGN_STYLE = Automatic;
				DEVELOPMENT_TEAM = C5SCB28SAG;
				INFOPLIST_FILE = EachOther/Info.plist;
				IPHONEOS_DEPLOYMENT_TARGET = 12.2;
				LD_RUNPATH_SEARCH_PATHS = (
					"$(inherited)",
					"@executable_path/Frameworks",
				);
				PRODUCT_BUNDLE_IDENTIFIER = dasilver.jeong.EachOther;
				PRODUCT_NAME = "$(TARGET_NAME)";
				SWIFT_VERSION = 4.2;
				TARGETED_DEVICE_FAMILY = "1,2";
			};
			name = Debug;
		};
		C9126F7A2240A62B007E7FE4 /* Release */ = {
			isa = XCBuildConfiguration;
			baseConfigurationReference = 7A1E1667EB6CD4858F8D7085 /* Pods-EachOther.release.xcconfig */;
			buildSettings = {
				ASSETCATALOG_COMPILER_APPICON_NAME = AppIcon;
				CODE_SIGN_STYLE = Automatic;
				DEVELOPMENT_TEAM = C5SCB28SAG;
				INFOPLIST_FILE = EachOther/Info.plist;
				IPHONEOS_DEPLOYMENT_TARGET = 12.2;
				LD_RUNPATH_SEARCH_PATHS = (
					"$(inherited)",
					"@executable_path/Frameworks",
				);
				PRODUCT_BUNDLE_IDENTIFIER = dasilver.jeong.EachOther;
				PRODUCT_NAME = "$(TARGET_NAME)";
				SWIFT_VERSION = 4.2;
				TARGETED_DEVICE_FAMILY = "1,2";
			};
			name = Release;
		};
		C9126F7C2240A62B007E7FE4 /* Debug */ = {
			isa = XCBuildConfiguration;
			baseConfigurationReference = C320A016E7F3F3FF18E7D6E5 /* Pods-EachOtherTests.debug.xcconfig */;
			buildSettings = {
				ALWAYS_EMBED_SWIFT_STANDARD_LIBRARIES = YES;
				BUNDLE_LOADER = "$(TEST_HOST)";
				CODE_SIGN_STYLE = Automatic;
				INFOPLIST_FILE = EachOtherTests/Info.plist;
				LD_RUNPATH_SEARCH_PATHS = (
					"$(inherited)",
					"@executable_path/Frameworks",
					"@loader_path/Frameworks",
				);
				PRODUCT_BUNDLE_IDENTIFIER = dasilver.jeong.EachOtherTests;
				PRODUCT_NAME = "$(TARGET_NAME)";
				SWIFT_VERSION = 4.2;
				TARGETED_DEVICE_FAMILY = "1,2";
				TEST_HOST = "$(BUILT_PRODUCTS_DIR)/EachOther.app/EachOther";
			};
			name = Debug;
		};
		C9126F7D2240A62B007E7FE4 /* Release */ = {
			isa = XCBuildConfiguration;
			baseConfigurationReference = 20C6EBFD3FCB0E62BF5974B2 /* Pods-EachOtherTests.release.xcconfig */;
			buildSettings = {
				ALWAYS_EMBED_SWIFT_STANDARD_LIBRARIES = YES;
				BUNDLE_LOADER = "$(TEST_HOST)";
				CODE_SIGN_STYLE = Automatic;
				INFOPLIST_FILE = EachOtherTests/Info.plist;
				LD_RUNPATH_SEARCH_PATHS = (
					"$(inherited)",
					"@executable_path/Frameworks",
					"@loader_path/Frameworks",
				);
				PRODUCT_BUNDLE_IDENTIFIER = dasilver.jeong.EachOtherTests;
				PRODUCT_NAME = "$(TARGET_NAME)";
				SWIFT_VERSION = 4.2;
				TARGETED_DEVICE_FAMILY = "1,2";
				TEST_HOST = "$(BUILT_PRODUCTS_DIR)/EachOther.app/EachOther";
			};
			name = Release;
		};
/* End XCBuildConfiguration section */

/* Begin XCConfigurationList section */
		C9126F532240A629007E7FE4 /* Build configuration list for PBXProject "EachOther" */ = {
			isa = XCConfigurationList;
			buildConfigurations = (
				C9126F762240A62B007E7FE4 /* Debug */,
				C9126F772240A62B007E7FE4 /* Release */,
			);
			defaultConfigurationIsVisible = 0;
			defaultConfigurationName = Release;
		};
		C9126F782240A62B007E7FE4 /* Build configuration list for PBXNativeTarget "EachOther" */ = {
			isa = XCConfigurationList;
			buildConfigurations = (
				C9126F792240A62B007E7FE4 /* Debug */,
				C9126F7A2240A62B007E7FE4 /* Release */,
			);
			defaultConfigurationIsVisible = 0;
			defaultConfigurationName = Release;
		};
		C9126F7B2240A62B007E7FE4 /* Build configuration list for PBXNativeTarget "EachOtherTests" */ = {
			isa = XCConfigurationList;
			buildConfigurations = (
				C9126F7C2240A62B007E7FE4 /* Debug */,
				C9126F7D2240A62B007E7FE4 /* Release */,
			);
			defaultConfigurationIsVisible = 0;
			defaultConfigurationName = Release;
		};
/* End XCConfigurationList section */

/* Begin XCVersionGroup section */
		C9126F622240A629007E7FE4 /* EachOther.xcdatamodeld */ = {
			isa = XCVersionGroup;
			children = (
				C9126F632240A629007E7FE4 /* EachOther.xcdatamodel */,
			);
			currentVersion = C9126F632240A629007E7FE4 /* EachOther.xcdatamodel */;
			path = EachOther.xcdatamodeld;
			sourceTree = "<group>";
			versionGroupType = wrapper.xcdatamodel;
		};
/* End XCVersionGroup section */
	};
	rootObject = C9126F502240A629007E7FE4 /* Project object */;
}
